
Microsoft Visual Studio Solution File, Format Version 12.00
# Visual Studio Version 17
VisualStudioVersion = 17.7.34221.43
MinimumVisualStudioVersion = 10.0.40219.1
Project("{FAE04EC0-301F-11D3-BF4B-00C04F79EFBC}") = "exercicio02", "exercicio02\exercicio02.csproj", "{7C6ACD5D-8F7E-4CB7-959A-2AAF2D54FC63}"
EndProject
Global
	GlobalSection(SolutionConfigurationPlatforms) = preSolution
		Debug|Any CPU = Debug|Any CPU
		Release|Any CPU = Release|Any CPU
	EndGlobalSection
	GlobalSection(ProjectConfigurationPlatforms) = postSolution
		{7C6ACD5D-8F7E-4CB7-959A-2AAF2D54FC63}.Debug|Any CPU.ActiveCfg = Debug|Any CPU
		{7C6ACD5D-8F7E-4CB7-959A-2AAF2D54FC63}.Debug|Any CPU.Build.0 = Debug|Any CPU
		{7C6ACD5D-8F7E-4CB7-959A-2AAF2D54FC63}.Release|Any CPU.ActiveCfg = Release|Any CPU
		{7C6ACD5D-8F7E-4CB7-959A-2AAF2D54FC63}.Release|Any CPU.Build.0 = Release|Any CPU
	EndGlobalSection
	GlobalSection(SolutionProperties) = preSolution
		HideSolutionNode = FALSE
	EndGlobalSection
	GlobalSection(ExtensibilityGlobals) = postSolution
		SolutionGuid = {31435EA4-2583-4F9B-A532-DA5E1553C196}
	EndGlobalSection
EndGlobal
